
Microsoft Visual Studio Solution File, Format Version 12.00
# Visual Studio Version 17
VisualStudioVersion = 17.13.35818.85 d17.13
MinimumVisualStudioVersion = 10.0.40219.1
Project("{FAE04EC0-301F-11D3-BF4B-00C04F79EFBC}") = "ChatApp2", "ChatApp2\ChatApp2.csproj", "{6028C74B-ECE5-41F3-A006-73EC6538C089}"
EndProject
Project("{FAE04EC0-301F-11D3-BF4B-00C04F79EFBC}") = "ChatApp2.Client", "ChatApp2.Client\ChatApp2.Client.csproj", "{AEF756B0-2730-43B3-8BEB-9C7F405377D3}"
EndProject
Project("{FAE04EC0-301F-11D3-BF4B-00C04F79EFBC}") = "ChatApp2.Shared", "..\ChatApp2.Shared\ChatApp2.Shared.csproj", "{347C00C1-7821-4994-A8B3-38CE2FAD5A9A}"
EndProject
Global
	GlobalSection(SolutionConfigurationPlatforms) = preSolution
		Debug|Any CPU = Debug|Any CPU
		Release|Any CPU = Release|Any CPU
	EndGlobalSection
	GlobalSection(ProjectConfigurationPlatforms) = postSolution
		{6028C74B-ECE5-41F3-A006-73EC6538C089}.Debug|Any CPU.ActiveCfg = Debug|Any CPU
		{6028C74B-ECE5-41F3-A006-73EC6538C089}.Debug|Any CPU.Build.0 = Debug|Any CPU
		{6028C74B-ECE5-41F3-A006-73EC6538C089}.Release|Any CPU.ActiveCfg = Release|Any CPU
		{6028C74B-ECE5-41F3-A006-73EC6538C089}.Release|Any CPU.Build.0 = Release|Any CPU
		{AEF756B0-2730-43B3-8BEB-9C7F405377D3}.Debug|Any CPU.ActiveCfg = Debug|Any CPU
		{AEF756B0-2730-43B3-8BEB-9C7F405377D3}.Debug|Any CPU.Build.0 = Debug|Any CPU
		{AEF756B0-2730-43B3-8BEB-9C7F405377D3}.Release|Any CPU.ActiveCfg = Release|Any CPU
		{AEF756B0-2730-43B3-8BEB-9C7F405377D3}.Release|Any CPU.Build.0 = Release|Any CPU
		{347C00C1-7821-4994-A8B3-38CE2FAD5A9A}.Debug|Any CPU.ActiveCfg = Debug|Any CPU
		{347C00C1-7821-4994-A8B3-38CE2FAD5A9A}.Debug|Any CPU.Build.0 = Debug|Any CPU
		{347C00C1-7821-4994-A8B3-38CE2FAD5A9A}.Release|Any CPU.ActiveCfg = Release|Any CPU
		{347C00C1-7821-4994-A8B3-38CE2FAD5A9A}.Release|Any CPU.Build.0 = Release|Any CPU
	EndGlobalSection
	GlobalSection(SolutionProperties) = preSolution
		HideSolutionNode = FALSE
	EndGlobalSection
	GlobalSection(ExtensibilityGlobals) = postSolution
		SolutionGuid = {7CF5241C-C8A6-4673-BDC2-6E79765CF624}
	EndGlobalSection
EndGlobal
