
Microsoft Visual Studio Solution File, Format Version 12.00
# Visual Studio Version 17
VisualStudioVersion = 17.13.35818.85
MinimumVisualStudioVersion = 10.0.40219.1
Project("{FAE04EC0-301F-11D3-BF4B-00C04F79EFBC}") = "BlazorSignalRApp", "BlazorSignalRApp\BlazorSignalRApp\BlazorSignalRApp.csproj", "{07D906F9-7C72-448D-A5E0-1FD08354D593}"
EndProject
Project("{FAE04EC0-301F-11D3-BF4B-00C04F79EFBC}") = "BlazorSignalRApp.Client", "BlazorSignalRApp\BlazorSignalRApp.Client\BlazorSignalRApp.Client.csproj", "{9E5F5B78-8575-41E5-B896-00229E419366}"
EndProject
Global
	GlobalSection(SolutionConfigurationPlatforms) = preSolution
		Debug|Any CPU = Debug|Any CPU
		Release|Any CPU = Release|Any CPU
	EndGlobalSection
	GlobalSection(ProjectConfigurationPlatforms) = postSolution
		{07D906F9-7C72-448D-A5E0-1FD08354D593}.Debug|Any CPU.ActiveCfg = Debug|Any CPU
		{07D906F9-7C72-448D-A5E0-1FD08354D593}.Debug|Any CPU.Build.0 = Debug|Any CPU
		{07D906F9-7C72-448D-A5E0-1FD08354D593}.Release|Any CPU.ActiveCfg = Release|Any CPU
		{07D906F9-7C72-448D-A5E0-1FD08354D593}.Release|Any CPU.Build.0 = Release|Any CPU
		{9E5F5B78-8575-41E5-B896-00229E419366}.Debug|Any CPU.ActiveCfg = Debug|Any CPU
		{9E5F5B78-8575-41E5-B896-00229E419366}.Debug|Any CPU.Build.0 = Debug|Any CPU
		{9E5F5B78-8575-41E5-B896-00229E419366}.Release|Any CPU.ActiveCfg = Release|Any CPU
		{9E5F5B78-8575-41E5-B896-00229E419366}.Release|Any CPU.Build.0 = Release|Any CPU
	EndGlobalSection
	GlobalSection(SolutionProperties) = preSolution
		HideSolutionNode = FALSE
	EndGlobalSection
	GlobalSection(ExtensibilityGlobals) = postSolution
		SolutionGuid = {C3454C44-4E15-41BB-AE51-4F27DA93E4E3}
	EndGlobalSection
EndGlobal
